{
  "meteor": {},
  "dependencies": {
    "basePackages": {
      "bootstrap-slate": {},
      "iron-router": {},
      "spin": {}
    },
    "packages": {
      "bootstrap-slate": {
        "git": "https://github.com/mickeyren/meteor-bootstrap-slate.git",
        "tag": "v0.0.1",
        "commit": "03e01f40019b63517c922b882821d3eb66b31140"
      },
      "iron-router": {
        "git": "https://github.com/EventedMind/iron-router.git",
        "tag": "v0.6.2",
        "commit": "ce56e58b45624dce992490f3a1c10f10d3948bae"
      },
      "spin": {
        "git": "https://github.com/SachaG/meteor-spin.git",
        "tag": "v0.2.2",
        "commit": "3f655f0016228e4195acc784c45d3e3a247dc39f"
      }
    }
  }
}
